<?xml version="1.0" encoding="UTF-8" standalone="yes" ?>
<CodeBlocks_project_file>
	<FileVersion major="1" minor="6" />
	<Project>
		<Option title="ZeldaClone" />
		<Option pch_mode="2" />
		<Option compiler="gcc" />
		<Build>
			<Target title="Debug">
				<Option output="bin/Debug/ZeldaClone" prefix_auto="1" extension_auto="1" />
				<Option object_output="obj/Debug/" />
				<Option type="1" />
				<Option compiler="gcc" />
				<Compiler>
					<Add option="-g" />
				</Compiler>
			</Target>
			<Target title="Release">
				<Option output="bin/Release/ZeldaClone" prefix_auto="1" extension_auto="1" />
				<Option object_output="obj/Release/" />
				<Option type="1" />
				<Option compiler="gcc" />
				<Compiler>
					<Add option="-O2" />
				</Compiler>
				<Linker>
					<Add option="-s" />
				</Linker>
			</Target>
		</Build>
		<Compiler>
			<Add option="-Wnon-virtual-dtor" />
			<Add option="-Wshadow" />
			<Add option="-Wredundant-decls" />
			<Add option="-Wcast-align" />
			<Add option="-Winline" />
			<Add option="-Wunreachable-code" />
			<Add option="-Wmissing-declarations" />
			<Add option="-Wmissing-include-dirs" />
			<Add option="-Wswitch-enum" />
			<Add option="-Wswitch-default" />
			<Add option="-Weffc++" />
			<Add option="-Wzero-as-null-pointer-constant" />
			<Add option="-Wmain" />
			<Add option="-pedantic" />
			<Add option="-Wextra" />
			<Add option="-std=c++0x" />
			<Add option="-pg" />
			<Add option="-m32" />
			<Add directory="middleware/sfml_2_4_2/include" />
		</Compiler>
		<Linker>
			<Add option="-pg -lgmon" />
			<Add option="-m32" />
			<Add library="sfml-graphics" />
			<Add library="sfml-window" />
			<Add library="sfml-audio" />
			<Add library="sfml-network" />
			<Add library="sfml-system" />
			<Add directory="middleware/sfml_2_4_2/lib" />
		</Linker>
		<Unit filename="headers/ConfigLoader.h" />
		<Unit filename="headers/Logger/ConsoleLogger.h" />
		<Unit filename="headers/Logger/Logger.h" />
		<Unit filename="headers/TextureMap.h" />
		<Unit filename="source/ConfigLoader.cpp" />
		<Unit filename="source/Logger/ConsoleLogger.cpp" />
		<Unit filename="source/Logger/Logger.cpp" />
		<Unit filename="source/TextureMap.cpp" />
		<Unit filename="source/main.cpp" />
		<Extensions>
			<code_completion />
			<envvars />
			<debugger />
		</Extensions>
	</Project>
</CodeBlocks_project_file>
